github.com/confluentinc/confluent-kafka-go/v2 v2.8.0 h1:0HlcSNWg4LpLA9nIjzUMIqWHI+w0S68UN7alXAc3TeA=
github.com/confluentinc/confluent-kafka-go/v2 v2.8.0/go.mod h1:hScqtFIGUI1wqHIgM3mjoqEou4VweGGGX7dMpcUKves=
github.com/johandrevandeventer/persist v1.0.0 h1:OEg2y6mjcnduLqDlrix2dbYklrkGue8sy+VWm1Ai9Uo=
github.com/johandrevandeventer/persist v1.0.0/go.mod h1:gegJ/C7ijE8UiSRt30Nt1xzbdqUmOlwn/hiOXXEvBOw=
go.uber.org/multierr v1.10.0 h1:S0h4aNzvfcFsC3dRF1jLoaov7oRaKqRGC/pUEJ2yvPQ=
go.uber.org/multierr v1.10.0/go.mod h1:20+QtiLqy0Nd6FdQB9TLXag12DsQkrbs3htMFfDN80Y=
go.uber.org/zap v1.27.0 h1:aJMhYGrd5QSmlpLMr2MftRKl7t8J8PTZPA732ud/XR8=
go.uber.org/zap v1.27.0/go.mod h1:GB2qFLM7cTU87MWRP2mPIjqfIDnGu+VIO4V/SdhGo2E=
